<Solution>
  <Configurations>
    <Platform Name="Any CPU" />
    <Platform Name="x64" />
    <Platform Name="x86" />
  </Configurations>
  <Folder Name="/src/">
    <Project Path="src/AdventOfCode.App/AdventOfCode.App.csproj" />
    <Project Path="src/AdventOfCode.Puzzles/AdventOfCode.Puzzles.csproj" />
  </Folder>
  <Folder Name="/tests/">
    <Project Path="tests/AdventOfCode.Tests/AdventOfCode.Tests.csproj" />
  </Folder>
</Solution>
